
Microsoft Visual Studio Solution File, Format Version 12.00
# Visual Studio Version 16
VisualStudioVersion = 16.0.31019.35
MinimumVisualStudioVersion = 10.0.40219.1
Project("{FAE04EC0-301F-11D3-BF4B-00C04F79EFBC}") = "WpfApp1_ISRPO", "WpfApp1_ISRPO\WpfApp1_ISRPO.csproj", "{DEA3507B-9175-419A-B54E-FCB759E600B9}"
EndProject
Global
	GlobalSection(SolutionConfigurationPlatforms) = preSolution
		Debug|Any CPU = Debug|Any CPU
		Release|Any CPU = Release|Any CPU
	EndGlobalSection
	GlobalSection(ProjectConfigurationPlatforms) = postSolution
		{DEA3507B-9175-419A-B54E-FCB759E600B9}.Debug|Any CPU.ActiveCfg = Debug|Any CPU
		{DEA3507B-9175-419A-B54E-FCB759E600B9}.Debug|Any CPU.Build.0 = Debug|Any CPU
		{DEA3507B-9175-419A-B54E-FCB759E600B9}.Release|Any CPU.ActiveCfg = Release|Any CPU
		{DEA3507B-9175-419A-B54E-FCB759E600B9}.Release|Any CPU.Build.0 = Release|Any CPU
	EndGlobalSection
	GlobalSection(SolutionProperties) = preSolution
		HideSolutionNode = FALSE
	EndGlobalSection
	GlobalSection(ExtensibilityGlobals) = postSolution
		SolutionGuid = {ED359C35-7244-442E-9212-5F4DE39E93BA}
	EndGlobalSection
EndGlobal
